
Microsoft Visual Studio Solution File, Format Version 12.00
# Visual Studio Version 17
VisualStudioVersion = 17.10.35013.160
MinimumVisualStudioVersion = 10.0.40219.1
Project("{FAE04EC0-301F-11D3-BF4B-00C04F79EFBC}") = "UserManagement.API", "UserManagement.API\UserManagement.API.csproj", "{48C1694C-7DFD-403C-9FE2-F8225A27C43E}"
EndProject
Global
	GlobalSection(SolutionConfigurationPlatforms) = preSolution
		Debug|Any CPU = Debug|Any CPU
		Release|Any CPU = Release|Any CPU
	EndGlobalSection
	GlobalSection(ProjectConfigurationPlatforms) = postSolution
		{48C1694C-7DFD-403C-9FE2-F8225A27C43E}.Debug|Any CPU.ActiveCfg = Debug|Any CPU
		{48C1694C-7DFD-403C-9FE2-F8225A27C43E}.Debug|Any CPU.Build.0 = Debug|Any CPU
		{48C1694C-7DFD-403C-9FE2-F8225A27C43E}.Release|Any CPU.ActiveCfg = Release|Any CPU
		{48C1694C-7DFD-403C-9FE2-F8225A27C43E}.Release|Any CPU.Build.0 = Release|Any CPU
	EndGlobalSection
	GlobalSection(SolutionProperties) = preSolution
		HideSolutionNode = FALSE
	EndGlobalSection
	GlobalSection(ExtensibilityGlobals) = postSolution
		SolutionGuid = {2025D6B2-F027-4887-8667-A6E9AB28107D}
	EndGlobalSection
EndGlobal
